
Microsoft Visual Studio Solution File, Format Version 12.00
# Visual Studio Version 17
VisualStudioVersion = 17.0.31903.59
MinimumVisualStudioVersion = 10.0.40219.1
Project("{FAE04EC0-301F-11D3-BF4B-00C04F79EFBC}") = "MVL.Core", "MVL.Core\MVL.Core.csproj", "{602D76D9-1AC9-4D71-B894-72957F5B0CA2}"
EndProject
Project("{FAE04EC0-301F-11D3-BF4B-00C04F79EFBC}") = "TestProducer", "TestProducer\TestProducer.csproj", "{C00B366A-A6AE-40EF-A19A-BF2362C75975}"
EndProject
Project("{E53339B2-1760-4266-BCC7-CA923CBCF16C}") = "docker-compose", "docker\docker-compose.dcproj", "{81DDED9D-158B-E303-5F62-77A2896D2A5A}"
EndProject
Project("{FAE04EC0-301F-11D3-BF4B-00C04F79EFBC}") = "TestConsumer", "TestConsumer\TestConsumer.csproj", "{A58B01AA-5FE2-45C4-9A5D-1A94B6D8E576}"
EndProject
Project("{2150E333-8FDC-42A3-9474-1A3956D46DE8}") = "Solution items", "Solution items", "{02EA681E-C7D8-13C7-8484-4AC65E1B71E8}"
	ProjectSection(SolutionItems) = preProject
		Directory.Packages.props = Directory.Packages.props
	EndProjectSection
EndProject
Global
	GlobalSection(SolutionConfigurationPlatforms) = preSolution
		Debug|Any CPU = Debug|Any CPU
		Debug|x64 = Debug|x64
		Debug|x86 = Debug|x86
		Release|Any CPU = Release|Any CPU
		Release|x64 = Release|x64
		Release|x86 = Release|x86
	EndGlobalSection
	GlobalSection(ProjectConfigurationPlatforms) = postSolution
		{602D76D9-1AC9-4D71-B894-72957F5B0CA2}.Debug|Any CPU.ActiveCfg = Debug|Any CPU
		{602D76D9-1AC9-4D71-B894-72957F5B0CA2}.Debug|Any CPU.Build.0 = Debug|Any CPU
		{602D76D9-1AC9-4D71-B894-72957F5B0CA2}.Debug|x64.ActiveCfg = Debug|Any CPU
		{602D76D9-1AC9-4D71-B894-72957F5B0CA2}.Debug|x64.Build.0 = Debug|Any CPU
		{602D76D9-1AC9-4D71-B894-72957F5B0CA2}.Debug|x86.ActiveCfg = Debug|Any CPU
		{602D76D9-1AC9-4D71-B894-72957F5B0CA2}.Debug|x86.Build.0 = Debug|Any CPU
		{602D76D9-1AC9-4D71-B894-72957F5B0CA2}.Release|Any CPU.ActiveCfg = Release|Any CPU
		{602D76D9-1AC9-4D71-B894-72957F5B0CA2}.Release|Any CPU.Build.0 = Release|Any CPU
		{602D76D9-1AC9-4D71-B894-72957F5B0CA2}.Release|x64.ActiveCfg = Release|Any CPU
		{602D76D9-1AC9-4D71-B894-72957F5B0CA2}.Release|x64.Build.0 = Release|Any CPU
		{602D76D9-1AC9-4D71-B894-72957F5B0CA2}.Release|x86.ActiveCfg = Release|Any CPU
		{602D76D9-1AC9-4D71-B894-72957F5B0CA2}.Release|x86.Build.0 = Release|Any CPU
		{C00B366A-A6AE-40EF-A19A-BF2362C75975}.Debug|Any CPU.ActiveCfg = Debug|Any CPU
		{C00B366A-A6AE-40EF-A19A-BF2362C75975}.Debug|Any CPU.Build.0 = Debug|Any CPU
		{C00B366A-A6AE-40EF-A19A-BF2362C75975}.Debug|x64.ActiveCfg = Debug|Any CPU
		{C00B366A-A6AE-40EF-A19A-BF2362C75975}.Debug|x64.Build.0 = Debug|Any CPU
		{C00B366A-A6AE-40EF-A19A-BF2362C75975}.Debug|x86.ActiveCfg = Debug|Any CPU
		{C00B366A-A6AE-40EF-A19A-BF2362C75975}.Debug|x86.Build.0 = Debug|Any CPU
		{C00B366A-A6AE-40EF-A19A-BF2362C75975}.Release|Any CPU.ActiveCfg = Release|Any CPU
		{C00B366A-A6AE-40EF-A19A-BF2362C75975}.Release|Any CPU.Build.0 = Release|Any CPU
		{C00B366A-A6AE-40EF-A19A-BF2362C75975}.Release|x64.ActiveCfg = Release|Any CPU
		{C00B366A-A6AE-40EF-A19A-BF2362C75975}.Release|x64.Build.0 = Release|Any CPU
		{C00B366A-A6AE-40EF-A19A-BF2362C75975}.Release|x86.ActiveCfg = Release|Any CPU
		{C00B366A-A6AE-40EF-A19A-BF2362C75975}.Release|x86.Build.0 = Release|Any CPU
		{81DDED9D-158B-E303-5F62-77A2896D2A5A}.Debug|Any CPU.ActiveCfg = Debug|Any CPU
		{81DDED9D-158B-E303-5F62-77A2896D2A5A}.Debug|Any CPU.Build.0 = Debug|Any CPU
		{81DDED9D-158B-E303-5F62-77A2896D2A5A}.Debug|x64.ActiveCfg = Debug|Any CPU
		{81DDED9D-158B-E303-5F62-77A2896D2A5A}.Debug|x64.Build.0 = Debug|Any CPU
		{81DDED9D-158B-E303-5F62-77A2896D2A5A}.Debug|x86.ActiveCfg = Debug|Any CPU
		{81DDED9D-158B-E303-5F62-77A2896D2A5A}.Debug|x86.Build.0 = Debug|Any CPU
		{81DDED9D-158B-E303-5F62-77A2896D2A5A}.Release|Any CPU.ActiveCfg = Release|Any CPU
		{81DDED9D-158B-E303-5F62-77A2896D2A5A}.Release|Any CPU.Build.0 = Release|Any CPU
		{81DDED9D-158B-E303-5F62-77A2896D2A5A}.Release|x64.ActiveCfg = Release|Any CPU
		{81DDED9D-158B-E303-5F62-77A2896D2A5A}.Release|x64.Build.0 = Release|Any CPU
		{81DDED9D-158B-E303-5F62-77A2896D2A5A}.Release|x86.ActiveCfg = Release|Any CPU
		{81DDED9D-158B-E303-5F62-77A2896D2A5A}.Release|x86.Build.0 = Release|Any CPU
		{A58B01AA-5FE2-45C4-9A5D-1A94B6D8E576}.Debug|Any CPU.ActiveCfg = Debug|Any CPU
		{A58B01AA-5FE2-45C4-9A5D-1A94B6D8E576}.Debug|Any CPU.Build.0 = Debug|Any CPU
		{A58B01AA-5FE2-45C4-9A5D-1A94B6D8E576}.Debug|x64.ActiveCfg = Debug|Any CPU
		{A58B01AA-5FE2-45C4-9A5D-1A94B6D8E576}.Debug|x64.Build.0 = Debug|Any CPU
		{A58B01AA-5FE2-45C4-9A5D-1A94B6D8E576}.Debug|x86.ActiveCfg = Debug|Any CPU
		{A58B01AA-5FE2-45C4-9A5D-1A94B6D8E576}.Debug|x86.Build.0 = Debug|Any CPU
		{A58B01AA-5FE2-45C4-9A5D-1A94B6D8E576}.Release|Any CPU.ActiveCfg = Release|Any CPU
		{A58B01AA-5FE2-45C4-9A5D-1A94B6D8E576}.Release|Any CPU.Build.0 = Release|Any CPU
		{A58B01AA-5FE2-45C4-9A5D-1A94B6D8E576}.Release|x64.ActiveCfg = Release|Any CPU
		{A58B01AA-5FE2-45C4-9A5D-1A94B6D8E576}.Release|x64.Build.0 = Release|Any CPU
		{A58B01AA-5FE2-45C4-9A5D-1A94B6D8E576}.Release|x86.ActiveCfg = Release|Any CPU
		{A58B01AA-5FE2-45C4-9A5D-1A94B6D8E576}.Release|x86.Build.0 = Release|Any CPU
	EndGlobalSection
	GlobalSection(SolutionProperties) = preSolution
		HideSolutionNode = FALSE
	EndGlobalSection
	GlobalSection(ExtensibilityGlobals) = postSolution
		SolutionGuid = {727AD005-97C4-4270-B61E-2D21ECC5F0A1}
	EndGlobalSection
EndGlobal
